
Microsoft Visual Studio Solution File, Format Version 12.00
# Visual Studio Version 16
VisualStudioVersion = 16.0.810.7
MinimumVisualStudioVersion = 10.0.40219.1
Project("{FAE04EC0-301F-11D3-BF4B-00C04F79EFBC}") = "API", "API.csproj", "{DBDE8BE1-CA2E-4E2F-BF7E-68F324A322C1}"
EndProject
Global
	GlobalSection(SolutionConfigurationPlatforms) = preSolution
		Debug|Any CPU = Debug|Any CPU
		Release|Any CPU = Release|Any CPU
	EndGlobalSection
	GlobalSection(ProjectConfigurationPlatforms) = postSolution
		{DBDE8BE1-CA2E-4E2F-BF7E-68F324A322C1}.Debug|Any CPU.ActiveCfg = Debug|Any CPU
		{DBDE8BE1-CA2E-4E2F-BF7E-68F324A322C1}.Debug|Any CPU.Build.0 = Debug|Any CPU
		{DBDE8BE1-CA2E-4E2F-BF7E-68F324A322C1}.Release|Any CPU.ActiveCfg = Release|Any CPU
		{DBDE8BE1-CA2E-4E2F-BF7E-68F324A322C1}.Release|Any CPU.Build.0 = Release|Any CPU
	EndGlobalSection
	GlobalSection(SolutionProperties) = preSolution
		HideSolutionNode = FALSE
	EndGlobalSection
	GlobalSection(ExtensibilityGlobals) = postSolution
		SolutionGuid = {BC91ED3D-74CB-4856-988F-54856BE223FC}
	EndGlobalSection
EndGlobal
